// !$*UTF8*$!
{
	archiveVersion = 1;
	classes = {
	};
	objectVersion = 46;
	objects = {

/* Begin PBXCopyFilesBuildPhase section */
		4FA61C3019CDCABE005F4F51 /* CopyFiles */ = {
			isa = PBXCopyFilesBuildPhase;
			buildActionMask = 2147483647;
			dstPath = /usr/share/man/man1/;
			dstSubfolderSpec = 0;
			files = (
			);
			runOnlyForDeploymentPostprocessing = 1;
		};
/* End PBXCopyFilesBuildPhase section */

/* Begin PBXFileReference section */
		4FA61C3219CDCABE005F4F51 /* C++11AndTypes */ = {isa = PBXFileReference; explicitFileType = "compiled.mach-o.executable"; includeInIndex = 0; path = "C++11AndTypes"; sourceTree = BUILT_PRODUCTS_DIR; };
		B30F0E0519D1D3B600B66C4B /* main.cpp */ = {isa = PBXFileReference; lastKnownFileType = sourcecode.cpp.cpp; path = main.cpp; sourceTree = "<group>"; };
		B30F0E0619D1D3B600B66C4B /* StdCasts.1 */ = {isa = PBXFileReference; lastKnownFileType = text.man; path = StdCasts.1; sourceTree = "<group>"; };
/* End PBXFileReference section */

/* Begin PBXFrameworksBuildPhase section */
		4FA61C2F19CDCABE005F4F51 /* Frameworks */ = {
			isa = PBXFrameworksBuildPhase;
			buildActionMask = 2147483647;
			files = (
			);
			runOnlyForDeploymentPostprocessing = 0;
		};
/* End PBXFrameworksBuildPhase section */

/* Begin PBXGroup section */
		4FA61C2919CDCABE005F4F51 = {
			isa = PBXGroup;
			children = (
				B30F0E0419D1D3B600B66C4B /* C++11AndTypes */,
				4FA61C3319CDCABE005F4F51 /* Products */,
			);
			sourceTree = "<group>";
		};
		4FA61C3319CDCABE005F4F51 /* Products */ = {
			isa = PBXGroup;
			children = (
				4FA61C3219CDCABE005F4F51 /* C++11AndTypes */,
			);
			name = Products;
			sourceTree = "<group>";
		};
		B30F0E0419D1D3B600B66C4B /* C++11AndTypes */ = {
			isa = PBXGroup;
			children = (
				B30F0E0519D1D3B600B66C4B /* main.cpp */,
				B30F0E0619D1D3B600B66C4B /* StdCasts.1 */,
			);
			path = "C++11AndTypes";
			sourceTree = "<group>";
		};
/* End PBXGroup section */

/* Begin PBXNativeTarget section */
		4FA61C3119CDCABE005F4F51 /* C++11AndTypes */ = {
			isa = PBXNativeTarget;
			buildConfigurationList = 4FA61C3B19CDCABE005F4F51 /* Build configuration list for PBXNativeTarget "C++11AndTypes" */;
			buildPhases = (
				4FA61C2E19CDCABE005F4F51 /* Sources */,
				4FA61C2F19CDCABE005F4F51 /* Frameworks */,
				4FA61C3019CDCABE005F4F51 /* CopyFiles */,
			);
			buildRules = (
			);
			dependencies = (
			);
			name = "C++11AndTypes";
			productName = StdCasts;
			productReference = 4FA61C3219CDCABE005F4F51 /* C++11AndTypes */;
			productType = "com.apple.product-type.tool";
		};
/* End PBXNativeTarget section */

/* Begin PBXProject section */
		4FA61C2A19CDCABE005F4F51 /* Project object */ = {
			isa = PBXProject;
			attributes = {
				LastUpgradeCheck = 0510;
				ORGANIZATIONNAME = "Mike Allison";
			};
			buildConfigurationList = 4FA61C2D19CDCABE005F4F51 /* Build configuration list for PBXProject "C++11AndTypes" */;
			compatibilityVersion = "Xcode 3.2";
			developmentRegion = English;
			hasScannedForEncodings = 0;
			knownRegions = (
				en,
			);
			mainGroup = 4FA61C2919CDCABE005F4F51;
			productRefGroup = 4FA61C3319CDCABE005F4F51 /* Products */;
			projectDirPath = "";
			projectRoot = "";
			targets = (
				4FA61C3119CDCABE005F4F51 /* C++11AndTypes */,
			);
		};
/* End PBXProject section */

/* Begin PBXSourcesBuildPhase section */
		4FA61C2E19CDCABE005F4F51 /* Sources */ = {
			isa = PBXSourcesBuildPhase;
			buildActionMask = 2147483647;
			files = (
			);
			runOnlyForDeploymentPostprocessing = 0;
		};
/* End PBXSourcesBuildPhase section */

/* Begin XCBuildConfiguration section */
		4FA61C3919CDCABE005F4F51 /* Debug */ = {
			isa = XCBuildConfiguration;
			buildSettings = {
				ALWAYS_SEARCH_USER_PATHS = NO;
				CLANG_CXX_LANGUAGE_STANDARD = "gnu++0x";
				CLANG_CXX_LIBRARY = "libc++";
				CLANG_ENABLE_MODULES = YES;
				CLANG_ENABLE_OBJC_ARC = YES;
				CLANG_WARN_BOOL_CONVERSION = YES;
				CLANG_WARN_CONSTANT_CONVERSION = YES;
				CLANG_WARN_DIRECT_OBJC_ISA_USAGE = YES_ERROR;
				CLANG_WARN_EMPTY_BODY = YES;
				CLANG_WARN_ENUM_CONVERSION = YES;
				CLANG_WARN_INT_CONVERSION = YES;
				CLANG_WARN_OBJC_ROOT_CLASS = YES_ERROR;
				CLANG_WARN__DUPLICATE_METHOD_MATCH = YES;
				COPY_PHASE_STRIP = NO;
				GCC_C_LANGUAGE_STANDARD = gnu99;
				GCC_DYNAMIC_NO_PIC = NO;
				GCC_ENABLE_OBJC_EXCEPTIONS = YES;
				GCC_OPTIMIZATION_LEVEL = 0;
				GCC_PREPROCESSOR_DEFINITIONS = (
					"DEBUG=1",
					"$(inherited)",
				);
				GCC_SYMBOLS_PRIVATE_EXTERN = NO;
				GCC_WARN_64_TO_32_BIT_CONVERSION = YES;
				GCC_WARN_ABOUT_RETURN_TYPE = YES_ERROR;
				GCC_WARN_UNDECLARED_SELECTOR = YES;
				GCC_WARN_UNINITIALIZED_AUTOS = YES_AGGRESSIVE;
				GCC_WARN_UNUSED_FUNCTION = YES;
				GCC_WARN_UNUSED_VARIABLE = YES;
				MACOSX_DEPLOYMENT_TARGET = 10.9;
				ONLY_ACTIVE_ARCH = YES;
				SDKROOT = macosx;
			};
			name = Debug;
		};
		4FA61C3A19CDCABE005F4F51 /* Release */ = {
			isa = XCBuildConfiguration;
			buildSettings = {
				ALWAYS_SEARCH_USER_PATHS = NO;
				CLANG_CXX_LANGUAGE_STANDARD = "gnu++0x";
				CLANG_CXX_LIBRARY = "libc++";
				CLANG_ENABLE_MODULES = YES;
				CLANG_ENABLE_OBJC_ARC = YES;
				CLANG_WARN_BOOL_CONVERSION = YES;
				CLANG_WARN_CONSTANT_CONVERSION = YES;
				CLANG_WARN_DIRECT_OBJC_ISA_USAGE = YES_ERROR;
				CLANG_WARN_EMPTY_BODY = YES;
				CLANG_WARN_ENUM_CONVERSION = YES;
				CLANG_WARN_INT_CONVERSION = YES;
				CLANG_WARN_OBJC_ROOT_CLASS = YES_ERROR;
				CLANG_WARN__DUPLICATE_METHOD_MATCH = YES;
				COPY_PHASE_STRIP = YES;
				DEBUG_INFORMATION_FORMAT = "dwarf-with-dsym";
				ENABLE_NS_ASSERTIONS = NO;
				GCC_C_LANGUAGE_STANDARD = gnu99;
				GCC_ENABLE_OBJC_EXCEPTIONS = YES;
				GCC_WARN_64_TO_32_BIT_CONVERSION = YES;
				GCC_WARN_ABOUT_RETURN_TYPE = YES_ERROR;
				GCC_WARN_UNDECLARED_SELECTOR = YES;
				GCC_WARN_UNINITIALIZED_AUTOS = YES_AGGRESSIVE;
				GCC_WARN_UNUSED_FUNCTION = YES;
				GCC_WARN_UNUSED_VARIABLE = YES;
				MACOSX_DEPLOYMENT_TARGET = 10.9;
				SDKROOT = macosx;
			};
			name = Release;
		};
		4FA61C3C19CDCABE005F4F51 /* Debug */ = {
			isa = XCBuildConfiguration;
			buildSettings = {
				PRODUCT_NAME = "C++11AndTypes";
			};
			name = Debug;
		};
		4FA61C3D19CDCABE005F4F51 /* Release */ = {
			isa = XCBuildConfiguration;
			buildSettings = {
				PRODUCT_NAME = "C++11AndTypes";
			};
			name = Release;
		};
/* End XCBuildConfiguration section */

/* Begin XCConfigurationList section */
		4FA61C2D19CDCABE005F4F51 /* Build configuration list for PBXProject "C++11AndTypes" */ = {
			isa = XCConfigurationList;
			buildConfigurations = (
				4FA61C3919CDCABE005F4F51 /* Debug */,
				4FA61C3A19CDCABE005F4F51 /* Release */,
			);
			defaultConfigurationIsVisible = 0;
			defaultConfigurationName = Release;
		};
		4FA61C3B19CDCABE005F4F51 /* Build configuration list for PBXNativeTarget "C++11AndTypes" */ = {
			isa = XCConfigurationList;
			buildConfigurations = (
				4FA61C3C19CDCABE005F4F51 /* Debug */,
				4FA61C3D19CDCABE005F4F51 /* Release */,
			);
			defaultConfigurationIsVisible = 0;
			defaultConfigurationName = Release;
		};
/* End XCConfigurationList section */
	};
	rootObject = 4FA61C2A19CDCABE005F4F51 /* Project object */;
}
